# This file is automatically @generated by Poetry and should not be changed by hand.

[[package]]
name = "pythonlib"
version = "1.0.0"
description = "Automatically generated by Nx."
category = "main"
optional = false
  python-versions = ">=3.9,<3.12"
files = []
develop = true

[package.source]
type = "directory"
url = "../../libs/pythonlib"

[metadata]
lock-version = "2.0"
  python-versions = ">=3.9,<3.12"
content-hash = "ff9174affd1aa1fc4d2c76561c55408e4d960944fbddd4bb542fe5245eaeb560"
